
Microsoft Visual Studio Solution File, Format Version 12.00
# Visual Studio 2012
Project("{FAE04EC0-301F-11D3-BF4B-00C04F79EFBC}") = "GenKFI", "GenKFI\GenKFI.csproj", "{D011E9A2-6C38-4B2C-B848-6CB0FEE4AAF2}"
EndProject
Global
	GlobalSection(SolutionConfigurationPlatforms) = preSolution
		Debug|Any CPU = Debug|Any CPU
		Release|Any CPU = Release|Any CPU
	EndGlobalSection
	GlobalSection(ProjectConfigurationPlatforms) = postSolution
		{D011E9A2-6C38-4B2C-B848-6CB0FEE4AAF2}.Debug|Any CPU.ActiveCfg = Debug|Any CPU
		{D011E9A2-6C38-4B2C-B848-6CB0FEE4AAF2}.Debug|Any CPU.Build.0 = Debug|Any CPU
		{D011E9A2-6C38-4B2C-B848-6CB0FEE4AAF2}.Release|Any CPU.ActiveCfg = Release|Any CPU
		{D011E9A2-6C38-4B2C-B848-6CB0FEE4AAF2}.Release|Any CPU.Build.0 = Release|Any CPU
		{D011E9A2-6C38-4B2C-B848-6CB0FEE4AAF2}.Release|Any CPU.Deploy.0 = Release|Any CPU
	EndGlobalSection
	GlobalSection(SolutionProperties) = preSolution
		HideSolutionNode = FALSE
	EndGlobalSection
EndGlobal
